
Microsoft Visual Studio Solution File, Format Version 12.00
# Visual Studio Version 17
VisualStudioVersion = 17.13.35825.156 d17.13
MinimumVisualStudioVersion = 10.0.40219.1
Project("{FAE04EC0-301F-11D3-BF4B-00C04F79EFBC}") = "SP 01. Processes", "SP 01. Processes\SP 01. Processes.csproj", "{B9C65FE9-8BDC-4210-A43C-380EEAF0E611}"
EndProject
Project("{2150E333-8FDC-42A3-9474-1A3956D46DE8}") = "System Programming 01", "System Programming 01", "{02EA681E-C7D8-13C7-8484-4AC65E1B71E8}"
EndProject
Global
	GlobalSection(SolutionConfigurationPlatforms) = preSolution
		Debug|Any CPU = Debug|Any CPU
		Release|Any CPU = Release|Any CPU
	EndGlobalSection
	GlobalSection(ProjectConfigurationPlatforms) = postSolution
		{B9C65FE9-8BDC-4210-A43C-380EEAF0E611}.Debug|Any CPU.ActiveCfg = Debug|Any CPU
		{B9C65FE9-8BDC-4210-A43C-380EEAF0E611}.Debug|Any CPU.Build.0 = Debug|Any CPU
		{B9C65FE9-8BDC-4210-A43C-380EEAF0E611}.Release|Any CPU.ActiveCfg = Release|Any CPU
		{B9C65FE9-8BDC-4210-A43C-380EEAF0E611}.Release|Any CPU.Build.0 = Release|Any CPU
	EndGlobalSection
	GlobalSection(SolutionProperties) = preSolution
		HideSolutionNode = FALSE
	EndGlobalSection
	GlobalSection(NestedProjects) = preSolution
		{B9C65FE9-8BDC-4210-A43C-380EEAF0E611} = {02EA681E-C7D8-13C7-8484-4AC65E1B71E8}
	EndGlobalSection
	GlobalSection(ExtensibilityGlobals) = postSolution
		SolutionGuid = {4BC187DE-6690-4635-B799-3ABA42264719}
	EndGlobalSection
EndGlobal
